
Microsoft Visual Studio Solution File, Format Version 12.00
# Visual Studio Version 17
VisualStudioVersion = 17.0.31903.59
MinimumVisualStudioVersion = 10.0.40219.1
Project("{FAE04EC0-301F-11D3-BF4B-00C04F79EFBC}") = "Recipe_342", "Recipe_342\Recipe_342.csproj", "{549F9386-6CDE-482A-B99A-4D8879920AE6}"
EndProject
Project("{FAE04EC0-301F-11D3-BF4B-00C04F79EFBC}") = "Recipe_343", "Recipe_343\Recipe_343.csproj", "{A1935F00-2F8A-40D6-A511-C46ECB60CE91}"
EndProject
Project("{FAE04EC0-301F-11D3-BF4B-00C04F79EFBC}") = "Recipe_344", "Recipe_344\Recipe_344.csproj", "{21A9A0C1-C599-48B4-9B34-25B1C2AB1BAE}"
EndProject
Project("{FAE04EC0-301F-11D3-BF4B-00C04F79EFBC}") = "Recipe_345", "Recipe_345\Recipe_345.csproj", "{152C61D2-0EC1-4092-92C6-A20C5A375877}"
EndProject
Project("{FAE04EC0-301F-11D3-BF4B-00C04F79EFBC}") = "Recipe_346", "Recipe_346\Recipe_346.csproj", "{E11B5C03-7E06-4C1C-B6C0-53CF5D710248}"
EndProject
Project("{FAE04EC0-301F-11D3-BF4B-00C04F79EFBC}") = "Recipe_347", "Recipe_347\Recipe_347.csproj", "{2304E16B-81D0-4DC5-A3E6-76CE9ED36F5C}"
EndProject
Project("{FAE04EC0-301F-11D3-BF4B-00C04F79EFBC}") = "Recipe_348", "Recipe_348\Recipe_348.csproj", "{A7F3C1EF-B632-4F08-962F-8DED4B47D9C0}"
EndProject
Project("{FAE04EC0-301F-11D3-BF4B-00C04F79EFBC}") = "Recipe_349", "Recipe_349\Recipe_349.csproj", "{06637153-DC25-434B-9499-18B7868CDAFB}"
EndProject
Project("{FAE04EC0-301F-11D3-BF4B-00C04F79EFBC}") = "Recipe_350", "Recipe_350\Recipe_350.csproj", "{13FDA62B-6A7B-450A-9CCF-DA4C0E882B3F}"
EndProject
Project("{FAE04EC0-301F-11D3-BF4B-00C04F79EFBC}") = "Recipe_351", "Recipe_351\Recipe_351.csproj", "{78045145-B1E4-4C3B-ADB7-EF2423A31A89}"
EndProject
Project("{FAE04EC0-301F-11D3-BF4B-00C04F79EFBC}") = "Recipe_289", "Recipe_289\Recipe_289.csproj", "{C84DCF0E-A1DB-4755-AC5B-F656418A8E1C}"
EndProject
Project("{FAE04EC0-301F-11D3-BF4B-00C04F79EFBC}") = "Recipe_290", "Recipe_290\Recipe_290.csproj", "{C44CCFBC-8C24-4206-B7D8-AB82E33421B8}"
EndProject
Project("{FAE04EC0-301F-11D3-BF4B-00C04F79EFBC}") = "Recipe_291", "Recipe_291\Recipe_291.csproj", "{70087490-5A4E-45B1-A44E-4A3DF97833D8}"
EndProject
Project("{FAE04EC0-301F-11D3-BF4B-00C04F79EFBC}") = "Recipe_292", "Recipe_292\Recipe_292.csproj", "{8BBB088A-FF25-4B9F-8BF2-CBDD0D8F8471}"
EndProject
Project("{FAE04EC0-301F-11D3-BF4B-00C04F79EFBC}") = "Recipe_293", "Recipe_293\Recipe_293.csproj", "{21883FE7-AB23-439D-BA80-8586CAEE43DE}"
EndProject
Project("{FAE04EC0-301F-11D3-BF4B-00C04F79EFBC}") = "Recipe_294", "Recipe_294\Recipe_294.csproj", "{03D731E4-E4F4-452D-811D-99CD4E213BED}"
EndProject
Project("{FAE04EC0-301F-11D3-BF4B-00C04F79EFBC}") = "Recipe_295", "Recipe_295\Recipe_295.csproj", "{82447EDD-5BF3-466E-A68D-F6DFD4F93D63}"
EndProject
Project("{FAE04EC0-301F-11D3-BF4B-00C04F79EFBC}") = "Recipe_296", "Recipe_296\Recipe_296.csproj", "{72932195-5A59-463E-B30D-C014F737CEAC}"
EndProject
Project("{FAE04EC0-301F-11D3-BF4B-00C04F79EFBC}") = "Recipe_297", "Recipe_297\Recipe_297.csproj", "{73FCBB95-94BC-4643-AFA7-5990349B7993}"
EndProject
Project("{FAE04EC0-301F-11D3-BF4B-00C04F79EFBC}") = "Recipe_298", "Recipe_298\Recipe_298.csproj", "{570C3006-6F0A-4CE9-A64E-A7EF14D66A6A}"
EndProject
Project("{FAE04EC0-301F-11D3-BF4B-00C04F79EFBC}") = "Recipe_299", "Recipe_299\Recipe_299.csproj", "{1728D916-8436-4FEE-A0A7-B1033D42D894}"
EndProject
Project("{FAE04EC0-301F-11D3-BF4B-00C04F79EFBC}") = "Recipe_300", "Recipe_300\Recipe_300.csproj", "{8FB09F06-7232-491D-8F83-5C22318A3EA2}"
EndProject
Project("{FAE04EC0-301F-11D3-BF4B-00C04F79EFBC}") = "Recipe_301", "Recipe_301\Recipe_301.csproj", "{101091DB-ABBC-4FD3-9641-076BF7714CD5}"
EndProject
Project("{FAE04EC0-301F-11D3-BF4B-00C04F79EFBC}") = "Recipe_302", "Recipe_302\Recipe_302.csproj", "{1A059BF8-74FB-4E7C-BBBB-A1092347E709}"
EndProject
Project("{FAE04EC0-301F-11D3-BF4B-00C04F79EFBC}") = "Recipe_303", "Recipe_303\Recipe_303.csproj", "{9DDCB17D-3BF3-40AE-B2B6-42CFCE676E9D}"
EndProject
Project("{FAE04EC0-301F-11D3-BF4B-00C04F79EFBC}") = "Recipe_304", "Recipe_304\Recipe_304.csproj", "{53B1586D-EA6D-4AA9-8DF7-36B575334622}"
EndProject
Project("{FAE04EC0-301F-11D3-BF4B-00C04F79EFBC}") = "Recipe_305", "Recipe_305\Recipe_305.csproj", "{E9F64A29-FC77-42C4-82B4-222032572597}"
EndProject
Project("{FAE04EC0-301F-11D3-BF4B-00C04F79EFBC}") = "Recipe_306", "Recipe_306\Recipe_306.csproj", "{D4D0DBED-882D-4954-8AE6-7407FD073412}"
EndProject
Project("{FAE04EC0-301F-11D3-BF4B-00C04F79EFBC}") = "Recipe_307", "Recipe_307\Recipe_307.csproj", "{B2B3ED0B-AC08-407B-97B7-33F7B6C91AC2}"
EndProject
Project("{FAE04EC0-301F-11D3-BF4B-00C04F79EFBC}") = "Recipe_308", "Recipe_308\Recipe_308.csproj", "{C25F3FAD-5B75-44B3-AA57-365EF1B30FC2}"
EndProject
Project("{FAE04EC0-301F-11D3-BF4B-00C04F79EFBC}") = "Recipe_309", "Recipe_309\Recipe_309.csproj", "{1DC59453-84EC-4A35-930B-333A3A19A20A}"
EndProject
Project("{FAE04EC0-301F-11D3-BF4B-00C04F79EFBC}") = "Recipe_185", "Recipe_185\Recipe_185.csproj", "{88E727A3-26CB-482C-B201-32FF5803F682}"
EndProject
Project("{FAE04EC0-301F-11D3-BF4B-00C04F79EFBC}") = "Recipe_186", "Recipe_186\Recipe_186.csproj", "{0A2C1169-5DAD-402D-9367-E28A3C2AE74B}"
EndProject
Project("{FAE04EC0-301F-11D3-BF4B-00C04F79EFBC}") = "Recipe_187", "Recipe_187\Recipe_187.csproj", "{AFFCDEAE-74DB-4DAE-B183-D078F5163690}"
EndProject
Project("{FAE04EC0-301F-11D3-BF4B-00C04F79EFBC}") = "Recipe_188", "Recipe_188\Recipe_188.csproj", "{25A9C7D6-262D-4200-9E93-FA477D4A52C2}"
EndProject
Project("{FAE04EC0-301F-11D3-BF4B-00C04F79EFBC}") = "Recipe_189", "Recipe_189\Recipe_189.csproj", "{4B41E504-4B35-495C-86C3-94712BB8466B}"
EndProject
Project("{FAE04EC0-301F-11D3-BF4B-00C04F79EFBC}") = "Recipe_190", "Recipe_190\Recipe_190.csproj", "{0C091C2F-2F95-41BB-8ABC-6904C9C90C37}"
EndProject
Project("{FAE04EC0-301F-11D3-BF4B-00C04F79EFBC}") = "Recipe_191", "Recipe_191\Recipe_191.csproj", "{E08547BF-763B-4F5A-8C55-38E073927F05}"
EndProject
Project("{FAE04EC0-301F-11D3-BF4B-00C04F79EFBC}") = "Recipe_192", "Recipe_192\Recipe_192.csproj", "{656BA575-77F9-4DA6-B173-E9DC2A0F328F}"
EndProject
Project("{FAE04EC0-301F-11D3-BF4B-00C04F79EFBC}") = "Recipe_193", "Recipe_193\Recipe_193.csproj", "{77B03475-F784-4791-9B4F-2D78A02DAF3F}"
EndProject
Project("{FAE04EC0-301F-11D3-BF4B-00C04F79EFBC}") = "Recipe_194", "Recipe_194\Recipe_194.csproj", "{350C4EFE-1C2F-4F79-8962-06A0CAD9E35F}"
EndProject
Project("{FAE04EC0-301F-11D3-BF4B-00C04F79EFBC}") = "Recipe_195", "Recipe_195\Recipe_195.csproj", "{68A936C1-0E67-44F8-AD8F-7063FD8F23AE}"
EndProject
Project("{FAE04EC0-301F-11D3-BF4B-00C04F79EFBC}") = "Recipe_196", "Recipe_196\Recipe_196.csproj", "{9C24E799-BE80-4E83-82DC-406CE440A76A}"
EndProject
Project("{FAE04EC0-301F-11D3-BF4B-00C04F79EFBC}") = "Recipe_119", "Recipe_119\Recipe_119.csproj", "{8A65CF36-0FD0-4295-936E-544928344B87}"
EndProject
Project("{FAE04EC0-301F-11D3-BF4B-00C04F79EFBC}") = "Recipe_120", "Recipe_120\Recipe_120.csproj", "{E6ECEB9A-608C-41A5-9B6E-2CB8DB1BD8C6}"
EndProject
Project("{FAE04EC0-301F-11D3-BF4B-00C04F79EFBC}") = "Recipe_121", "Recipe_121\Recipe_121.csproj", "{C858B459-4CD9-49A2-BEDB-278A0D53A577}"
EndProject
Project("{FAE04EC0-301F-11D3-BF4B-00C04F79EFBC}") = "Recipe_122", "Recipe_122\Recipe_122.csproj", "{2F0E9FBD-A2B2-44D1-B245-BEB0FDC9264B}"
EndProject
Project("{FAE04EC0-301F-11D3-BF4B-00C04F79EFBC}") = "Recipe_123", "Recipe_123\Recipe_123.csproj", "{E51E4BE8-CB73-4CC7-9D24-8DFB30A87D99}"
EndProject
Project("{FAE04EC0-301F-11D3-BF4B-00C04F79EFBC}") = "Recipe_124", "Recipe_124\Recipe_124.csproj", "{A3367A57-1F0D-4CD5-ACDF-59F268A6791A}"
EndProject
Project("{FAE04EC0-301F-11D3-BF4B-00C04F79EFBC}") = "Recipe_125", "Recipe_125\Recipe_125.csproj", "{5A9CC7E8-71FC-4061-BD9D-3351DAEFB9E9}"
EndProject
Project("{FAE04EC0-301F-11D3-BF4B-00C04F79EFBC}") = "Recipe_126", "Recipe_126\Recipe_126.csproj", "{E4FF2A6C-D02C-4538-9689-C2B1F4673991}"
EndProject
Project("{FAE04EC0-301F-11D3-BF4B-00C04F79EFBC}") = "Recipe_127", "Recipe_127\Recipe_127.csproj", "{3923D6C4-D119-4545-BA14-892FD4B2F601}"
EndProject
Project("{FAE04EC0-301F-11D3-BF4B-00C04F79EFBC}") = "Recipe_128", "Recipe_128\Recipe_128.csproj", "{D237BA62-75DB-4610-B59C-316A6E59DAD0}"
EndProject
Project("{FAE04EC0-301F-11D3-BF4B-00C04F79EFBC}") = "Recipe_129", "Recipe_129\Recipe_129.csproj", "{AF55B4D1-96AE-4B43-8809-B3407D77BCA0}"
EndProject
Project("{FAE04EC0-301F-11D3-BF4B-00C04F79EFBC}") = "Recipe_130", "Recipe_130\Recipe_130.csproj", "{C5D523C2-7E13-4DBC-965B-B9010A0097B4}"
EndProject
Project("{FAE04EC0-301F-11D3-BF4B-00C04F79EFBC}") = "Recipe_131", "Recipe_131\Recipe_131.csproj", "{4C51A29D-766E-4FE3-8BB7-938DBE4E7C9F}"
EndProject
Project("{FAE04EC0-301F-11D3-BF4B-00C04F79EFBC}") = "Recipe_132", "Recipe_132\Recipe_132.csproj", "{63B119B4-2D22-4D53-9F06-7535A8CE17AF}"
EndProject
Project("{FAE04EC0-301F-11D3-BF4B-00C04F79EFBC}") = "Recipe_133", "Recipe_133\Recipe_133.csproj", "{A12415F2-ED1E-438E-BCEE-5F986651B6D8}"
EndProject
Project("{FAE04EC0-301F-11D3-BF4B-00C04F79EFBC}") = "Recipe_134", "Recipe_134\Recipe_134.csproj", "{2DE1674B-C96E-4C43-B944-BD7546EEA3F0}"
EndProject
Project("{FAE04EC0-301F-11D3-BF4B-00C04F79EFBC}") = "Recipe_135", "Recipe_135\Recipe_135.csproj", "{29DFA30A-03B3-4749-A361-19F0E48F5B11}"
EndProject
Project("{FAE04EC0-301F-11D3-BF4B-00C04F79EFBC}") = "Recipe_136", "Recipe_136\Recipe_136.csproj", "{F1704348-55FF-43B9-A0D7-E9843FFEF1B5}"
EndProject
Project("{FAE04EC0-301F-11D3-BF4B-00C04F79EFBC}") = "Recipe_137", "Recipe_137\Recipe_137.csproj", "{9C1119B4-60B2-45D7-A0AE-0B664055FE96}"
EndProject
Project("{FAE04EC0-301F-11D3-BF4B-00C04F79EFBC}") = "Recipe_138", "Recipe_138\Recipe_138.csproj", "{7827D626-9399-4FED-91E1-AFE3AF0EAB43}"
EndProject
Project("{FAE04EC0-301F-11D3-BF4B-00C04F79EFBC}") = "Recipe_139", "Recipe_139\Recipe_139.csproj", "{6E7B2B07-8EE8-4016-9396-E4A454642E94}"
EndProject
Project("{FAE04EC0-301F-11D3-BF4B-00C04F79EFBC}") = "Recipe_140", "Recipe_140\Recipe_140.csproj", "{0BD006B6-3805-4A6C-BB97-244C81681A36}"
EndProject
Project("{FAE04EC0-301F-11D3-BF4B-00C04F79EFBC}") = "Recipe_141", "Recipe_141\Recipe_141.csproj", "{7D5B7134-DDCD-4253-8BF7-F2282E5E8BDD}"
EndProject
Project("{FAE04EC0-301F-11D3-BF4B-00C04F79EFBC}") = "Recipe_142", "Recipe_142\Recipe_142.csproj", "{CB6070E8-F1D3-4A04-8D9C-A61AB72B893C}"
EndProject
Project("{FAE04EC0-301F-11D3-BF4B-00C04F79EFBC}") = "Recipe_143", "Recipe_143\Recipe_143.csproj", "{FD41B7DB-17D8-4121-A107-DBD46DA5CFD6}"
EndProject
Project("{FAE04EC0-301F-11D3-BF4B-00C04F79EFBC}") = "Recipe_144", "Recipe_144\Recipe_144.csproj", "{88F122DE-E82C-4D76-AA90-B8BF86CE19D5}"
EndProject
Project("{FAE04EC0-301F-11D3-BF4B-00C04F79EFBC}") = "Recipe_145", "Recipe_145\Recipe_145.csproj", "{D8C40BEA-98F5-4047-9D1A-6D95FA1617A1}"
EndProject
Project("{FAE04EC0-301F-11D3-BF4B-00C04F79EFBC}") = "Recipe_146", "Recipe_146\Recipe_146.csproj", "{6C680946-1B34-4B69-9C0D-84845B552994}"
EndProject
Project("{FAE04EC0-301F-11D3-BF4B-00C04F79EFBC}") = "Recipe_147", "Recipe_147\Recipe_147.csproj", "{21F9275C-307F-4BED-A05B-7007FE2744BF}"
EndProject
Project("{FAE04EC0-301F-11D3-BF4B-00C04F79EFBC}") = "Recipe_148", "Recipe_148\Recipe_148.csproj", "{43E09053-7616-40FA-9FE0-41C4B3E8067B}"
EndProject
Project("{FAE04EC0-301F-11D3-BF4B-00C04F79EFBC}") = "Recipe_149", "Recipe_149\Recipe_149.csproj", "{3B84816B-6B7A-4808-9996-A2314DBF0BB0}"
EndProject
Project("{FAE04EC0-301F-11D3-BF4B-00C04F79EFBC}") = "Recipe_150", "Recipe_150\Recipe_150.csproj", "{45369DD3-8E0C-4891-9DAE-FA6DD6443849}"
EndProject
Project("{FAE04EC0-301F-11D3-BF4B-00C04F79EFBC}") = "Recipe_151", "Recipe_151\Recipe_151.csproj", "{28AEB88B-3D91-44DD-936D-01E7D5A956BF}"
EndProject
Project("{FAE04EC0-301F-11D3-BF4B-00C04F79EFBC}") = "Recipe_152", "Recipe_152\Recipe_152.csproj", "{A20CCFF0-209F-40C7-991D-D3827A13333D}"
EndProject
Project("{FAE04EC0-301F-11D3-BF4B-00C04F79EFBC}") = "Recipe_153", "Recipe_153\Recipe_153.csproj", "{1F1AA76E-EA6D-40E9-B070-4B379A4E4A0A}"
EndProject
Project("{FAE04EC0-301F-11D3-BF4B-00C04F79EFBC}") = "Recipe_154", "Recipe_154\Recipe_154.csproj", "{7404672A-6FF7-4C0A-8B51-7D88D90C33D9}"
EndProject
Project("{FAE04EC0-301F-11D3-BF4B-00C04F79EFBC}") = "Recipe_155", "Recipe_155\Recipe_155.csproj", "{CB950E5E-BBDF-4E7D-AA92-2A843CD285F5}"
EndProject
Project("{FAE04EC0-301F-11D3-BF4B-00C04F79EFBC}") = "Recipe_156", "Recipe_156\Recipe_156.csproj", "{E4C55680-2FEC-4C5C-AE13-1379A37B3336}"
EndProject
Project("{FAE04EC0-301F-11D3-BF4B-00C04F79EFBC}") = "Recipe_157", "Recipe_157\Recipe_157.csproj", "{966096EA-4B44-4083-840C-E974A160D348}"
EndProject
Project("{FAE04EC0-301F-11D3-BF4B-00C04F79EFBC}") = "Recipe_158", "Recipe_158\Recipe_158.csproj", "{4A4DF0FE-BCF2-41A8-B6A9-2160AA7CA309}"
EndProject
Project("{FAE04EC0-301F-11D3-BF4B-00C04F79EFBC}") = "Recipe_159", "Recipe_159\Recipe_159.csproj", "{FE99E91B-1209-4ABB-9DB3-EF92A2FBCCA6}"
EndProject
Project("{FAE04EC0-301F-11D3-BF4B-00C04F79EFBC}") = "Recipe_160", "Recipe_160\Recipe_160.csproj", "{4B2703EE-E88F-47DE-802B-C7452B2034A8}"
EndProject
Project("{FAE04EC0-301F-11D3-BF4B-00C04F79EFBC}") = "Recipe_161", "Recipe_161\Recipe_161.csproj", "{E301B0D3-8C03-41B6-89C4-6F9F6ABE6914}"
EndProject
Project("{FAE04EC0-301F-11D3-BF4B-00C04F79EFBC}") = "Recipe_162", "Recipe_162\Recipe_162.csproj", "{2E44C7D5-9234-4E55-8354-A964678B4BE7}"
EndProject
Project("{FAE04EC0-301F-11D3-BF4B-00C04F79EFBC}") = "Recipe_073", "Recipe_073\Recipe_073.csproj", "{9A2E1674-8F65-4F1F-9197-372969596A9E}"
EndProject
Project("{FAE04EC0-301F-11D3-BF4B-00C04F79EFBC}") = "Recipe_074", "Recipe_074\Recipe_074.csproj", "{AB7729C4-4C5B-4806-8E02-BB1A781F4269}"
EndProject
Project("{FAE04EC0-301F-11D3-BF4B-00C04F79EFBC}") = "Recipe_075", "Recipe_075\Recipe_075.csproj", "{C4616B7A-D60C-4097-A58E-8FA870362EF9}"
EndProject
Project("{FAE04EC0-301F-11D3-BF4B-00C04F79EFBC}") = "Recipe_076", "Recipe_076\Recipe_076.csproj", "{D7CF672E-E5EE-4DCD-9311-CCEB6941B878}"
EndProject
Project("{FAE04EC0-301F-11D3-BF4B-00C04F79EFBC}") = "Recipe_077", "Recipe_077\Recipe_077.csproj", "{AB321597-62A7-4706-9DA4-C51C964CFC50}"
EndProject
Project("{FAE04EC0-301F-11D3-BF4B-00C04F79EFBC}") = "Recipe_078", "Recipe_078\Recipe_078.csproj", "{1907888B-C600-4A28-BEAE-1904BBB0AFCA}"
EndProject
Project("{FAE04EC0-301F-11D3-BF4B-00C04F79EFBC}") = "Recipe_079", "Recipe_079\Recipe_079.csproj", "{0FFFD912-BEB3-4B22-A2F3-06E5EEF1F660}"
EndProject
Project("{FAE04EC0-301F-11D3-BF4B-00C04F79EFBC}") = "Recipe_080", "Recipe_080\Recipe_080.csproj", "{1970DC3C-CE0C-4DC0-9459-48C325CAFCCA}"
EndProject
Project("{FAE04EC0-301F-11D3-BF4B-00C04F79EFBC}") = "Recipe_081", "Recipe_081\Recipe_081.csproj", "{845D970C-7BF7-49A5-97A1-C047C6C0AF6C}"
EndProject
Project("{FAE04EC0-301F-11D3-BF4B-00C04F79EFBC}") = "Recipe_082", "Recipe_082\Recipe_082.csproj", "{6CFF2515-72E0-4014-8EFE-5D5434406D23}"
EndProject
Project("{FAE04EC0-301F-11D3-BF4B-00C04F79EFBC}") = "Recipe_083", "Recipe_083\Recipe_083.csproj", "{AB292570-3D6C-41A8-BEF8-3E97E9962984}"
EndProject
Project("{FAE04EC0-301F-11D3-BF4B-00C04F79EFBC}") = "Recipe_084", "Recipe_084\Recipe_084.csproj", "{DF85734B-6051-4718-ADC3-B6D0790F3315}"
EndProject
Project("{FAE04EC0-301F-11D3-BF4B-00C04F79EFBC}") = "Recipe_085", "Recipe_085\Recipe_085.csproj", "{53B24D7D-2E95-445F-9B00-5C6D506F8C78}"
EndProject
Project("{FAE04EC0-301F-11D3-BF4B-00C04F79EFBC}") = "Recipe_086", "Recipe_086\Recipe_086.csproj", "{3BC4BE86-2310-4A17-BB46-6F39B3A0C5DF}"
EndProject
Project("{FAE04EC0-301F-11D3-BF4B-00C04F79EFBC}") = "Recipe_087", "Recipe_087\Recipe_087.csproj", "{FA44CE38-A9D7-48AA-ACC5-D23C2179F7F4}"
EndProject
Project("{FAE04EC0-301F-11D3-BF4B-00C04F79EFBC}") = "Recipe_088", "Recipe_088\Recipe_088.csproj", "{899C6E17-8013-4E14-AB10-50BFA9EB5514}"
EndProject
Project("{FAE04EC0-301F-11D3-BF4B-00C04F79EFBC}") = "Recipe_089", "Recipe_089\Recipe_089.csproj", "{E865DCAF-775D-49C4-BFA9-3921335D8520}"
EndProject
Project("{FAE04EC0-301F-11D3-BF4B-00C04F79EFBC}") = "Recipe_090", "Recipe_090\Recipe_090.csproj", "{035F8E72-2569-4124-BC51-30887C50FD3C}"
EndProject
Project("{FAE04EC0-301F-11D3-BF4B-00C04F79EFBC}") = "Recipe_091", "Recipe_091\Recipe_091.csproj", "{40ACA18C-BD9C-44C2-8E7E-5E518D58040F}"
EndProject
Project("{FAE04EC0-301F-11D3-BF4B-00C04F79EFBC}") = "Recipe_092", "Recipe_092\Recipe_092.csproj", "{5E6A1A78-B16B-4F97-B930-8F4C35300E83}"
EndProject
Project("{FAE04EC0-301F-11D3-BF4B-00C04F79EFBC}") = "Recipe_093", "Recipe_093\Recipe_093.csproj", "{78723C54-4CF0-4C13-A0FD-4BF4132A780C}"
EndProject
Project("{FAE04EC0-301F-11D3-BF4B-00C04F79EFBC}") = "Recipe_094", "Recipe_094\Recipe_094.csproj", "{B5911333-5320-486A-B883-2C6B58B2C228}"
EndProject
Project("{FAE04EC0-301F-11D3-BF4B-00C04F79EFBC}") = "Recipe_095", "Recipe_095\Recipe_095.csproj", "{F5FA2CBE-8A22-435A-A9CC-EFDF326AE4E2}"
EndProject
Project("{FAE04EC0-301F-11D3-BF4B-00C04F79EFBC}") = "Recipe_096", "Recipe_096\Recipe_096.csproj", "{89F3DA79-32F0-4C47-8735-62ECEB8EDFA0}"
EndProject
Global
	GlobalSection(SolutionConfigurationPlatforms) = preSolution
		Debug|Any CPU = Debug|Any CPU
		Release|Any CPU = Release|Any CPU
	EndGlobalSection
	GlobalSection(SolutionProperties) = preSolution
		HideSolutionNode = FALSE
	EndGlobalSection
	GlobalSection(ProjectConfigurationPlatforms) = postSolution
		{549F9386-6CDE-482A-B99A-4D8879920AE6}.Debug|Any CPU.ActiveCfg = Debug|Any CPU
		{549F9386-6CDE-482A-B99A-4D8879920AE6}.Debug|Any CPU.Build.0 = Debug|Any CPU
		{549F9386-6CDE-482A-B99A-4D8879920AE6}.Release|Any CPU.ActiveCfg = Release|Any CPU
		{549F9386-6CDE-482A-B99A-4D8879920AE6}.Release|Any CPU.Build.0 = Release|Any CPU
		{A1935F00-2F8A-40D6-A511-C46ECB60CE91}.Debug|Any CPU.ActiveCfg = Debug|Any CPU
		{A1935F00-2F8A-40D6-A511-C46ECB60CE91}.Debug|Any CPU.Build.0 = Debug|Any CPU
		{A1935F00-2F8A-40D6-A511-C46ECB60CE91}.Release|Any CPU.ActiveCfg = Release|Any CPU
		{A1935F00-2F8A-40D6-A511-C46ECB60CE91}.Release|Any CPU.Build.0 = Release|Any CPU
		{21A9A0C1-C599-48B4-9B34-25B1C2AB1BAE}.Debug|Any CPU.ActiveCfg = Debug|Any CPU
		{21A9A0C1-C599-48B4-9B34-25B1C2AB1BAE}.Debug|Any CPU.Build.0 = Debug|Any CPU
		{21A9A0C1-C599-48B4-9B34-25B1C2AB1BAE}.Release|Any CPU.ActiveCfg = Release|Any CPU
		{21A9A0C1-C599-48B4-9B34-25B1C2AB1BAE}.Release|Any CPU.Build.0 = Release|Any CPU
		{152C61D2-0EC1-4092-92C6-A20C5A375877}.Debug|Any CPU.ActiveCfg = Debug|Any CPU
		{152C61D2-0EC1-4092-92C6-A20C5A375877}.Debug|Any CPU.Build.0 = Debug|Any CPU
		{152C61D2-0EC1-4092-92C6-A20C5A375877}.Release|Any CPU.ActiveCfg = Release|Any CPU
		{152C61D2-0EC1-4092-92C6-A20C5A375877}.Release|Any CPU.Build.0 = Release|Any CPU
		{E11B5C03-7E06-4C1C-B6C0-53CF5D710248}.Debug|Any CPU.ActiveCfg = Debug|Any CPU
		{E11B5C03-7E06-4C1C-B6C0-53CF5D710248}.Debug|Any CPU.Build.0 = Debug|Any CPU
		{E11B5C03-7E06-4C1C-B6C0-53CF5D710248}.Release|Any CPU.ActiveCfg = Release|Any CPU
		{E11B5C03-7E06-4C1C-B6C0-53CF5D710248}.Release|Any CPU.Build.0 = Release|Any CPU
		{2304E16B-81D0-4DC5-A3E6-76CE9ED36F5C}.Debug|Any CPU.ActiveCfg = Debug|Any CPU
		{2304E16B-81D0-4DC5-A3E6-76CE9ED36F5C}.Debug|Any CPU.Build.0 = Debug|Any CPU
		{2304E16B-81D0-4DC5-A3E6-76CE9ED36F5C}.Release|Any CPU.ActiveCfg = Release|Any CPU
		{2304E16B-81D0-4DC5-A3E6-76CE9ED36F5C}.Release|Any CPU.Build.0 = Release|Any CPU
		{A7F3C1EF-B632-4F08-962F-8DED4B47D9C0}.Debug|Any CPU.ActiveCfg = Debug|Any CPU
		{A7F3C1EF-B632-4F08-962F-8DED4B47D9C0}.Debug|Any CPU.Build.0 = Debug|Any CPU
		{A7F3C1EF-B632-4F08-962F-8DED4B47D9C0}.Release|Any CPU.ActiveCfg = Release|Any CPU
		{A7F3C1EF-B632-4F08-962F-8DED4B47D9C0}.Release|Any CPU.Build.0 = Release|Any CPU
		{06637153-DC25-434B-9499-18B7868CDAFB}.Debug|Any CPU.ActiveCfg = Debug|Any CPU
		{06637153-DC25-434B-9499-18B7868CDAFB}.Debug|Any CPU.Build.0 = Debug|Any CPU
		{06637153-DC25-434B-9499-18B7868CDAFB}.Release|Any CPU.ActiveCfg = Release|Any CPU
		{06637153-DC25-434B-9499-18B7868CDAFB}.Release|Any CPU.Build.0 = Release|Any CPU
		{13FDA62B-6A7B-450A-9CCF-DA4C0E882B3F}.Debug|Any CPU.ActiveCfg = Debug|Any CPU
		{13FDA62B-6A7B-450A-9CCF-DA4C0E882B3F}.Debug|Any CPU.Build.0 = Debug|Any CPU
		{13FDA62B-6A7B-450A-9CCF-DA4C0E882B3F}.Release|Any CPU.ActiveCfg = Release|Any CPU
		{13FDA62B-6A7B-450A-9CCF-DA4C0E882B3F}.Release|Any CPU.Build.0 = Release|Any CPU
		{78045145-B1E4-4C3B-ADB7-EF2423A31A89}.Debug|Any CPU.ActiveCfg = Debug|Any CPU
		{78045145-B1E4-4C3B-ADB7-EF2423A31A89}.Debug|Any CPU.Build.0 = Debug|Any CPU
		{78045145-B1E4-4C3B-ADB7-EF2423A31A89}.Release|Any CPU.ActiveCfg = Release|Any CPU
		{78045145-B1E4-4C3B-ADB7-EF2423A31A89}.Release|Any CPU.Build.0 = Release|Any CPU
		{C84DCF0E-A1DB-4755-AC5B-F656418A8E1C}.Debug|Any CPU.ActiveCfg = Debug|Any CPU
		{C84DCF0E-A1DB-4755-AC5B-F656418A8E1C}.Debug|Any CPU.Build.0 = Debug|Any CPU
		{C84DCF0E-A1DB-4755-AC5B-F656418A8E1C}.Release|Any CPU.ActiveCfg = Release|Any CPU
		{C84DCF0E-A1DB-4755-AC5B-F656418A8E1C}.Release|Any CPU.Build.0 = Release|Any CPU
		{C44CCFBC-8C24-4206-B7D8-AB82E33421B8}.Debug|Any CPU.ActiveCfg = Debug|Any CPU
		{C44CCFBC-8C24-4206-B7D8-AB82E33421B8}.Debug|Any CPU.Build.0 = Debug|Any CPU
		{C44CCFBC-8C24-4206-B7D8-AB82E33421B8}.Release|Any CPU.ActiveCfg = Release|Any CPU
		{C44CCFBC-8C24-4206-B7D8-AB82E33421B8}.Release|Any CPU.Build.0 = Release|Any CPU
		{70087490-5A4E-45B1-A44E-4A3DF97833D8}.Debug|Any CPU.ActiveCfg = Debug|Any CPU
		{70087490-5A4E-45B1-A44E-4A3DF97833D8}.Debug|Any CPU.Build.0 = Debug|Any CPU
		{70087490-5A4E-45B1-A44E-4A3DF97833D8}.Release|Any CPU.ActiveCfg = Release|Any CPU
		{70087490-5A4E-45B1-A44E-4A3DF97833D8}.Release|Any CPU.Build.0 = Release|Any CPU
		{8BBB088A-FF25-4B9F-8BF2-CBDD0D8F8471}.Debug|Any CPU.ActiveCfg = Debug|Any CPU
		{8BBB088A-FF25-4B9F-8BF2-CBDD0D8F8471}.Debug|Any CPU.Build.0 = Debug|Any CPU
		{8BBB088A-FF25-4B9F-8BF2-CBDD0D8F8471}.Release|Any CPU.ActiveCfg = Release|Any CPU
		{8BBB088A-FF25-4B9F-8BF2-CBDD0D8F8471}.Release|Any CPU.Build.0 = Release|Any CPU
		{21883FE7-AB23-439D-BA80-8586CAEE43DE}.Debug|Any CPU.ActiveCfg = Debug|Any CPU
		{21883FE7-AB23-439D-BA80-8586CAEE43DE}.Debug|Any CPU.Build.0 = Debug|Any CPU
		{21883FE7-AB23-439D-BA80-8586CAEE43DE}.Release|Any CPU.ActiveCfg = Release|Any CPU
		{21883FE7-AB23-439D-BA80-8586CAEE43DE}.Release|Any CPU.Build.0 = Release|Any CPU
		{03D731E4-E4F4-452D-811D-99CD4E213BED}.Debug|Any CPU.ActiveCfg = Debug|Any CPU
		{03D731E4-E4F4-452D-811D-99CD4E213BED}.Debug|Any CPU.Build.0 = Debug|Any CPU
		{03D731E4-E4F4-452D-811D-99CD4E213BED}.Release|Any CPU.ActiveCfg = Release|Any CPU
		{03D731E4-E4F4-452D-811D-99CD4E213BED}.Release|Any CPU.Build.0 = Release|Any CPU
		{82447EDD-5BF3-466E-A68D-F6DFD4F93D63}.Debug|Any CPU.ActiveCfg = Debug|Any CPU
		{82447EDD-5BF3-466E-A68D-F6DFD4F93D63}.Debug|Any CPU.Build.0 = Debug|Any CPU
		{82447EDD-5BF3-466E-A68D-F6DFD4F93D63}.Release|Any CPU.ActiveCfg = Release|Any CPU
		{82447EDD-5BF3-466E-A68D-F6DFD4F93D63}.Release|Any CPU.Build.0 = Release|Any CPU
		{72932195-5A59-463E-B30D-C014F737CEAC}.Debug|Any CPU.ActiveCfg = Debug|Any CPU
		{72932195-5A59-463E-B30D-C014F737CEAC}.Debug|Any CPU.Build.0 = Debug|Any CPU
		{72932195-5A59-463E-B30D-C014F737CEAC}.Release|Any CPU.ActiveCfg = Release|Any CPU
		{72932195-5A59-463E-B30D-C014F737CEAC}.Release|Any CPU.Build.0 = Release|Any CPU
		{73FCBB95-94BC-4643-AFA7-5990349B7993}.Debug|Any CPU.ActiveCfg = Debug|Any CPU
		{73FCBB95-94BC-4643-AFA7-5990349B7993}.Debug|Any CPU.Build.0 = Debug|Any CPU
		{73FCBB95-94BC-4643-AFA7-5990349B7993}.Release|Any CPU.ActiveCfg = Release|Any CPU
		{73FCBB95-94BC-4643-AFA7-5990349B7993}.Release|Any CPU.Build.0 = Release|Any CPU
		{570C3006-6F0A-4CE9-A64E-A7EF14D66A6A}.Debug|Any CPU.ActiveCfg = Debug|Any CPU
		{570C3006-6F0A-4CE9-A64E-A7EF14D66A6A}.Debug|Any CPU.Build.0 = Debug|Any CPU
		{570C3006-6F0A-4CE9-A64E-A7EF14D66A6A}.Release|Any CPU.ActiveCfg = Release|Any CPU
		{570C3006-6F0A-4CE9-A64E-A7EF14D66A6A}.Release|Any CPU.Build.0 = Release|Any CPU
		{1728D916-8436-4FEE-A0A7-B1033D42D894}.Debug|Any CPU.ActiveCfg = Debug|Any CPU
		{1728D916-8436-4FEE-A0A7-B1033D42D894}.Debug|Any CPU.Build.0 = Debug|Any CPU
		{1728D916-8436-4FEE-A0A7-B1033D42D894}.Release|Any CPU.ActiveCfg = Release|Any CPU
		{1728D916-8436-4FEE-A0A7-B1033D42D894}.Release|Any CPU.Build.0 = Release|Any CPU
		{8FB09F06-7232-491D-8F83-5C22318A3EA2}.Debug|Any CPU.ActiveCfg = Debug|Any CPU
		{8FB09F06-7232-491D-8F83-5C22318A3EA2}.Debug|Any CPU.Build.0 = Debug|Any CPU
		{8FB09F06-7232-491D-8F83-5C22318A3EA2}.Release|Any CPU.ActiveCfg = Release|Any CPU
		{8FB09F06-7232-491D-8F83-5C22318A3EA2}.Release|Any CPU.Build.0 = Release|Any CPU
		{101091DB-ABBC-4FD3-9641-076BF7714CD5}.Debug|Any CPU.ActiveCfg = Debug|Any CPU
		{101091DB-ABBC-4FD3-9641-076BF7714CD5}.Debug|Any CPU.Build.0 = Debug|Any CPU
		{101091DB-ABBC-4FD3-9641-076BF7714CD5}.Release|Any CPU.ActiveCfg = Release|Any CPU
		{101091DB-ABBC-4FD3-9641-076BF7714CD5}.Release|Any CPU.Build.0 = Release|Any CPU
		{1A059BF8-74FB-4E7C-BBBB-A1092347E709}.Debug|Any CPU.ActiveCfg = Debug|Any CPU
		{1A059BF8-74FB-4E7C-BBBB-A1092347E709}.Debug|Any CPU.Build.0 = Debug|Any CPU
		{1A059BF8-74FB-4E7C-BBBB-A1092347E709}.Release|Any CPU.ActiveCfg = Release|Any CPU
		{1A059BF8-74FB-4E7C-BBBB-A1092347E709}.Release|Any CPU.Build.0 = Release|Any CPU
		{9DDCB17D-3BF3-40AE-B2B6-42CFCE676E9D}.Debug|Any CPU.ActiveCfg = Debug|Any CPU
		{9DDCB17D-3BF3-40AE-B2B6-42CFCE676E9D}.Debug|Any CPU.Build.0 = Debug|Any CPU
		{9DDCB17D-3BF3-40AE-B2B6-42CFCE676E9D}.Release|Any CPU.ActiveCfg = Release|Any CPU
		{9DDCB17D-3BF3-40AE-B2B6-42CFCE676E9D}.Release|Any CPU.Build.0 = Release|Any CPU
		{53B1586D-EA6D-4AA9-8DF7-36B575334622}.Debug|Any CPU.ActiveCfg = Debug|Any CPU
		{53B1586D-EA6D-4AA9-8DF7-36B575334622}.Debug|Any CPU.Build.0 = Debug|Any CPU
		{53B1586D-EA6D-4AA9-8DF7-36B575334622}.Release|Any CPU.ActiveCfg = Release|Any CPU
		{53B1586D-EA6D-4AA9-8DF7-36B575334622}.Release|Any CPU.Build.0 = Release|Any CPU
		{E9F64A29-FC77-42C4-82B4-222032572597}.Debug|Any CPU.ActiveCfg = Debug|Any CPU
		{E9F64A29-FC77-42C4-82B4-222032572597}.Debug|Any CPU.Build.0 = Debug|Any CPU
		{E9F64A29-FC77-42C4-82B4-222032572597}.Release|Any CPU.ActiveCfg = Release|Any CPU
		{E9F64A29-FC77-42C4-82B4-222032572597}.Release|Any CPU.Build.0 = Release|Any CPU
		{D4D0DBED-882D-4954-8AE6-7407FD073412}.Debug|Any CPU.ActiveCfg = Debug|Any CPU
		{D4D0DBED-882D-4954-8AE6-7407FD073412}.Debug|Any CPU.Build.0 = Debug|Any CPU
		{D4D0DBED-882D-4954-8AE6-7407FD073412}.Release|Any CPU.ActiveCfg = Release|Any CPU
		{D4D0DBED-882D-4954-8AE6-7407FD073412}.Release|Any CPU.Build.0 = Release|Any CPU
		{B2B3ED0B-AC08-407B-97B7-33F7B6C91AC2}.Debug|Any CPU.ActiveCfg = Debug|Any CPU
		{B2B3ED0B-AC08-407B-97B7-33F7B6C91AC2}.Debug|Any CPU.Build.0 = Debug|Any CPU
		{B2B3ED0B-AC08-407B-97B7-33F7B6C91AC2}.Release|Any CPU.ActiveCfg = Release|Any CPU
		{B2B3ED0B-AC08-407B-97B7-33F7B6C91AC2}.Release|Any CPU.Build.0 = Release|Any CPU
		{C25F3FAD-5B75-44B3-AA57-365EF1B30FC2}.Debug|Any CPU.ActiveCfg = Debug|Any CPU
		{C25F3FAD-5B75-44B3-AA57-365EF1B30FC2}.Debug|Any CPU.Build.0 = Debug|Any CPU
		{C25F3FAD-5B75-44B3-AA57-365EF1B30FC2}.Release|Any CPU.ActiveCfg = Release|Any CPU
		{C25F3FAD-5B75-44B3-AA57-365EF1B30FC2}.Release|Any CPU.Build.0 = Release|Any CPU
		{1DC59453-84EC-4A35-930B-333A3A19A20A}.Debug|Any CPU.ActiveCfg = Debug|Any CPU
		{1DC59453-84EC-4A35-930B-333A3A19A20A}.Debug|Any CPU.Build.0 = Debug|Any CPU
		{1DC59453-84EC-4A35-930B-333A3A19A20A}.Release|Any CPU.ActiveCfg = Release|Any CPU
		{1DC59453-84EC-4A35-930B-333A3A19A20A}.Release|Any CPU.Build.0 = Release|Any CPU
		{88E727A3-26CB-482C-B201-32FF5803F682}.Debug|Any CPU.ActiveCfg = Debug|Any CPU
		{88E727A3-26CB-482C-B201-32FF5803F682}.Debug|Any CPU.Build.0 = Debug|Any CPU
		{88E727A3-26CB-482C-B201-32FF5803F682}.Release|Any CPU.ActiveCfg = Release|Any CPU
		{88E727A3-26CB-482C-B201-32FF5803F682}.Release|Any CPU.Build.0 = Release|Any CPU
		{0A2C1169-5DAD-402D-9367-E28A3C2AE74B}.Debug|Any CPU.ActiveCfg = Debug|Any CPU
		{0A2C1169-5DAD-402D-9367-E28A3C2AE74B}.Debug|Any CPU.Build.0 = Debug|Any CPU
		{0A2C1169-5DAD-402D-9367-E28A3C2AE74B}.Release|Any CPU.ActiveCfg = Release|Any CPU
		{0A2C1169-5DAD-402D-9367-E28A3C2AE74B}.Release|Any CPU.Build.0 = Release|Any CPU
		{AFFCDEAE-74DB-4DAE-B183-D078F5163690}.Debug|Any CPU.ActiveCfg = Debug|Any CPU
		{AFFCDEAE-74DB-4DAE-B183-D078F5163690}.Debug|Any CPU.Build.0 = Debug|Any CPU
		{AFFCDEAE-74DB-4DAE-B183-D078F5163690}.Release|Any CPU.ActiveCfg = Release|Any CPU
		{AFFCDEAE-74DB-4DAE-B183-D078F5163690}.Release|Any CPU.Build.0 = Release|Any CPU
		{25A9C7D6-262D-4200-9E93-FA477D4A52C2}.Debug|Any CPU.ActiveCfg = Debug|Any CPU
		{25A9C7D6-262D-4200-9E93-FA477D4A52C2}.Debug|Any CPU.Build.0 = Debug|Any CPU
		{25A9C7D6-262D-4200-9E93-FA477D4A52C2}.Release|Any CPU.ActiveCfg = Release|Any CPU
		{25A9C7D6-262D-4200-9E93-FA477D4A52C2}.Release|Any CPU.Build.0 = Release|Any CPU
		{4B41E504-4B35-495C-86C3-94712BB8466B}.Debug|Any CPU.ActiveCfg = Debug|Any CPU
		{4B41E504-4B35-495C-86C3-94712BB8466B}.Debug|Any CPU.Build.0 = Debug|Any CPU
		{4B41E504-4B35-495C-86C3-94712BB8466B}.Release|Any CPU.ActiveCfg = Release|Any CPU
		{4B41E504-4B35-495C-86C3-94712BB8466B}.Release|Any CPU.Build.0 = Release|Any CPU
		{0C091C2F-2F95-41BB-8ABC-6904C9C90C37}.Debug|Any CPU.ActiveCfg = Debug|Any CPU
		{0C091C2F-2F95-41BB-8ABC-6904C9C90C37}.Debug|Any CPU.Build.0 = Debug|Any CPU
		{0C091C2F-2F95-41BB-8ABC-6904C9C90C37}.Release|Any CPU.ActiveCfg = Release|Any CPU
		{0C091C2F-2F95-41BB-8ABC-6904C9C90C37}.Release|Any CPU.Build.0 = Release|Any CPU
		{E08547BF-763B-4F5A-8C55-38E073927F05}.Debug|Any CPU.ActiveCfg = Debug|Any CPU
		{E08547BF-763B-4F5A-8C55-38E073927F05}.Debug|Any CPU.Build.0 = Debug|Any CPU
		{E08547BF-763B-4F5A-8C55-38E073927F05}.Release|Any CPU.ActiveCfg = Release|Any CPU
		{E08547BF-763B-4F5A-8C55-38E073927F05}.Release|Any CPU.Build.0 = Release|Any CPU
		{656BA575-77F9-4DA6-B173-E9DC2A0F328F}.Debug|Any CPU.ActiveCfg = Debug|Any CPU
		{656BA575-77F9-4DA6-B173-E9DC2A0F328F}.Debug|Any CPU.Build.0 = Debug|Any CPU
		{656BA575-77F9-4DA6-B173-E9DC2A0F328F}.Release|Any CPU.ActiveCfg = Release|Any CPU
		{656BA575-77F9-4DA6-B173-E9DC2A0F328F}.Release|Any CPU.Build.0 = Release|Any CPU
		{77B03475-F784-4791-9B4F-2D78A02DAF3F}.Debug|Any CPU.ActiveCfg = Debug|Any CPU
		{77B03475-F784-4791-9B4F-2D78A02DAF3F}.Debug|Any CPU.Build.0 = Debug|Any CPU
		{77B03475-F784-4791-9B4F-2D78A02DAF3F}.Release|Any CPU.ActiveCfg = Release|Any CPU
		{77B03475-F784-4791-9B4F-2D78A02DAF3F}.Release|Any CPU.Build.0 = Release|Any CPU
		{350C4EFE-1C2F-4F79-8962-06A0CAD9E35F}.Debug|Any CPU.ActiveCfg = Debug|Any CPU
		{350C4EFE-1C2F-4F79-8962-06A0CAD9E35F}.Debug|Any CPU.Build.0 = Debug|Any CPU
		{350C4EFE-1C2F-4F79-8962-06A0CAD9E35F}.Release|Any CPU.ActiveCfg = Release|Any CPU
		{350C4EFE-1C2F-4F79-8962-06A0CAD9E35F}.Release|Any CPU.Build.0 = Release|Any CPU
		{68A936C1-0E67-44F8-AD8F-7063FD8F23AE}.Debug|Any CPU.ActiveCfg = Debug|Any CPU
		{68A936C1-0E67-44F8-AD8F-7063FD8F23AE}.Debug|Any CPU.Build.0 = Debug|Any CPU
		{68A936C1-0E67-44F8-AD8F-7063FD8F23AE}.Release|Any CPU.ActiveCfg = Release|Any CPU
		{68A936C1-0E67-44F8-AD8F-7063FD8F23AE}.Release|Any CPU.Build.0 = Release|Any CPU
		{9C24E799-BE80-4E83-82DC-406CE440A76A}.Debug|Any CPU.ActiveCfg = Debug|Any CPU
		{9C24E799-BE80-4E83-82DC-406CE440A76A}.Debug|Any CPU.Build.0 = Debug|Any CPU
		{9C24E799-BE80-4E83-82DC-406CE440A76A}.Release|Any CPU.ActiveCfg = Release|Any CPU
		{9C24E799-BE80-4E83-82DC-406CE440A76A}.Release|Any CPU.Build.0 = Release|Any CPU
		{8A65CF36-0FD0-4295-936E-544928344B87}.Debug|Any CPU.ActiveCfg = Debug|Any CPU
		{8A65CF36-0FD0-4295-936E-544928344B87}.Debug|Any CPU.Build.0 = Debug|Any CPU
		{8A65CF36-0FD0-4295-936E-544928344B87}.Release|Any CPU.ActiveCfg = Release|Any CPU
		{8A65CF36-0FD0-4295-936E-544928344B87}.Release|Any CPU.Build.0 = Release|Any CPU
		{E6ECEB9A-608C-41A5-9B6E-2CB8DB1BD8C6}.Debug|Any CPU.ActiveCfg = Debug|Any CPU
		{E6ECEB9A-608C-41A5-9B6E-2CB8DB1BD8C6}.Debug|Any CPU.Build.0 = Debug|Any CPU
		{E6ECEB9A-608C-41A5-9B6E-2CB8DB1BD8C6}.Release|Any CPU.ActiveCfg = Release|Any CPU
		{E6ECEB9A-608C-41A5-9B6E-2CB8DB1BD8C6}.Release|Any CPU.Build.0 = Release|Any CPU
		{C858B459-4CD9-49A2-BEDB-278A0D53A577}.Debug|Any CPU.ActiveCfg = Debug|Any CPU
		{C858B459-4CD9-49A2-BEDB-278A0D53A577}.Debug|Any CPU.Build.0 = Debug|Any CPU
		{C858B459-4CD9-49A2-BEDB-278A0D53A577}.Release|Any CPU.ActiveCfg = Release|Any CPU
		{C858B459-4CD9-49A2-BEDB-278A0D53A577}.Release|Any CPU.Build.0 = Release|Any CPU
		{2F0E9FBD-A2B2-44D1-B245-BEB0FDC9264B}.Debug|Any CPU.ActiveCfg = Debug|Any CPU
		{2F0E9FBD-A2B2-44D1-B245-BEB0FDC9264B}.Debug|Any CPU.Build.0 = Debug|Any CPU
		{2F0E9FBD-A2B2-44D1-B245-BEB0FDC9264B}.Release|Any CPU.ActiveCfg = Release|Any CPU
		{2F0E9FBD-A2B2-44D1-B245-BEB0FDC9264B}.Release|Any CPU.Build.0 = Release|Any CPU
		{E51E4BE8-CB73-4CC7-9D24-8DFB30A87D99}.Debug|Any CPU.ActiveCfg = Debug|Any CPU
		{E51E4BE8-CB73-4CC7-9D24-8DFB30A87D99}.Debug|Any CPU.Build.0 = Debug|Any CPU
		{E51E4BE8-CB73-4CC7-9D24-8DFB30A87D99}.Release|Any CPU.ActiveCfg = Release|Any CPU
		{E51E4BE8-CB73-4CC7-9D24-8DFB30A87D99}.Release|Any CPU.Build.0 = Release|Any CPU
		{A3367A57-1F0D-4CD5-ACDF-59F268A6791A}.Debug|Any CPU.ActiveCfg = Debug|Any CPU
		{A3367A57-1F0D-4CD5-ACDF-59F268A6791A}.Debug|Any CPU.Build.0 = Debug|Any CPU
		{A3367A57-1F0D-4CD5-ACDF-59F268A6791A}.Release|Any CPU.ActiveCfg = Release|Any CPU
		{A3367A57-1F0D-4CD5-ACDF-59F268A6791A}.Release|Any CPU.Build.0 = Release|Any CPU
		{5A9CC7E8-71FC-4061-BD9D-3351DAEFB9E9}.Debug|Any CPU.ActiveCfg = Debug|Any CPU
		{5A9CC7E8-71FC-4061-BD9D-3351DAEFB9E9}.Debug|Any CPU.Build.0 = Debug|Any CPU
		{5A9CC7E8-71FC-4061-BD9D-3351DAEFB9E9}.Release|Any CPU.ActiveCfg = Release|Any CPU
		{5A9CC7E8-71FC-4061-BD9D-3351DAEFB9E9}.Release|Any CPU.Build.0 = Release|Any CPU
		{E4FF2A6C-D02C-4538-9689-C2B1F4673991}.Debug|Any CPU.ActiveCfg = Debug|Any CPU
		{E4FF2A6C-D02C-4538-9689-C2B1F4673991}.Debug|Any CPU.Build.0 = Debug|Any CPU
		{E4FF2A6C-D02C-4538-9689-C2B1F4673991}.Release|Any CPU.ActiveCfg = Release|Any CPU
		{E4FF2A6C-D02C-4538-9689-C2B1F4673991}.Release|Any CPU.Build.0 = Release|Any CPU
		{3923D6C4-D119-4545-BA14-892FD4B2F601}.Debug|Any CPU.ActiveCfg = Debug|Any CPU
		{3923D6C4-D119-4545-BA14-892FD4B2F601}.Debug|Any CPU.Build.0 = Debug|Any CPU
		{3923D6C4-D119-4545-BA14-892FD4B2F601}.Release|Any CPU.ActiveCfg = Release|Any CPU
		{3923D6C4-D119-4545-BA14-892FD4B2F601}.Release|Any CPU.Build.0 = Release|Any CPU
		{D237BA62-75DB-4610-B59C-316A6E59DAD0}.Debug|Any CPU.ActiveCfg = Debug|Any CPU
		{D237BA62-75DB-4610-B59C-316A6E59DAD0}.Debug|Any CPU.Build.0 = Debug|Any CPU
		{D237BA62-75DB-4610-B59C-316A6E59DAD0}.Release|Any CPU.ActiveCfg = Release|Any CPU
		{D237BA62-75DB-4610-B59C-316A6E59DAD0}.Release|Any CPU.Build.0 = Release|Any CPU
		{AF55B4D1-96AE-4B43-8809-B3407D77BCA0}.Debug|Any CPU.ActiveCfg = Debug|Any CPU
		{AF55B4D1-96AE-4B43-8809-B3407D77BCA0}.Debug|Any CPU.Build.0 = Debug|Any CPU
		{AF55B4D1-96AE-4B43-8809-B3407D77BCA0}.Release|Any CPU.ActiveCfg = Release|Any CPU
		{AF55B4D1-96AE-4B43-8809-B3407D77BCA0}.Release|Any CPU.Build.0 = Release|Any CPU
		{C5D523C2-7E13-4DBC-965B-B9010A0097B4}.Debug|Any CPU.ActiveCfg = Debug|Any CPU
		{C5D523C2-7E13-4DBC-965B-B9010A0097B4}.Debug|Any CPU.Build.0 = Debug|Any CPU
		{C5D523C2-7E13-4DBC-965B-B9010A0097B4}.Release|Any CPU.ActiveCfg = Release|Any CPU
		{C5D523C2-7E13-4DBC-965B-B9010A0097B4}.Release|Any CPU.Build.0 = Release|Any CPU
		{4C51A29D-766E-4FE3-8BB7-938DBE4E7C9F}.Debug|Any CPU.ActiveCfg = Debug|Any CPU
		{4C51A29D-766E-4FE3-8BB7-938DBE4E7C9F}.Debug|Any CPU.Build.0 = Debug|Any CPU
		{4C51A29D-766E-4FE3-8BB7-938DBE4E7C9F}.Release|Any CPU.ActiveCfg = Release|Any CPU
		{4C51A29D-766E-4FE3-8BB7-938DBE4E7C9F}.Release|Any CPU.Build.0 = Release|Any CPU
		{63B119B4-2D22-4D53-9F06-7535A8CE17AF}.Debug|Any CPU.ActiveCfg = Debug|Any CPU
		{63B119B4-2D22-4D53-9F06-7535A8CE17AF}.Debug|Any CPU.Build.0 = Debug|Any CPU
		{63B119B4-2D22-4D53-9F06-7535A8CE17AF}.Release|Any CPU.ActiveCfg = Release|Any CPU
		{63B119B4-2D22-4D53-9F06-7535A8CE17AF}.Release|Any CPU.Build.0 = Release|Any CPU
		{A12415F2-ED1E-438E-BCEE-5F986651B6D8}.Debug|Any CPU.ActiveCfg = Debug|Any CPU
		{A12415F2-ED1E-438E-BCEE-5F986651B6D8}.Debug|Any CPU.Build.0 = Debug|Any CPU
		{A12415F2-ED1E-438E-BCEE-5F986651B6D8}.Release|Any CPU.ActiveCfg = Release|Any CPU
		{A12415F2-ED1E-438E-BCEE-5F986651B6D8}.Release|Any CPU.Build.0 = Release|Any CPU
		{2DE1674B-C96E-4C43-B944-BD7546EEA3F0}.Debug|Any CPU.ActiveCfg = Debug|Any CPU
		{2DE1674B-C96E-4C43-B944-BD7546EEA3F0}.Debug|Any CPU.Build.0 = Debug|Any CPU
		{2DE1674B-C96E-4C43-B944-BD7546EEA3F0}.Release|Any CPU.ActiveCfg = Release|Any CPU
		{2DE1674B-C96E-4C43-B944-BD7546EEA3F0}.Release|Any CPU.Build.0 = Release|Any CPU
		{29DFA30A-03B3-4749-A361-19F0E48F5B11}.Debug|Any CPU.ActiveCfg = Debug|Any CPU
		{29DFA30A-03B3-4749-A361-19F0E48F5B11}.Debug|Any CPU.Build.0 = Debug|Any CPU
		{29DFA30A-03B3-4749-A361-19F0E48F5B11}.Release|Any CPU.ActiveCfg = Release|Any CPU
		{29DFA30A-03B3-4749-A361-19F0E48F5B11}.Release|Any CPU.Build.0 = Release|Any CPU
		{F1704348-55FF-43B9-A0D7-E9843FFEF1B5}.Debug|Any CPU.ActiveCfg = Debug|Any CPU
		{F1704348-55FF-43B9-A0D7-E9843FFEF1B5}.Debug|Any CPU.Build.0 = Debug|Any CPU
		{F1704348-55FF-43B9-A0D7-E9843FFEF1B5}.Release|Any CPU.ActiveCfg = Release|Any CPU
		{F1704348-55FF-43B9-A0D7-E9843FFEF1B5}.Release|Any CPU.Build.0 = Release|Any CPU
		{9C1119B4-60B2-45D7-A0AE-0B664055FE96}.Debug|Any CPU.ActiveCfg = Debug|Any CPU
		{9C1119B4-60B2-45D7-A0AE-0B664055FE96}.Debug|Any CPU.Build.0 = Debug|Any CPU
		{9C1119B4-60B2-45D7-A0AE-0B664055FE96}.Release|Any CPU.ActiveCfg = Release|Any CPU
		{9C1119B4-60B2-45D7-A0AE-0B664055FE96}.Release|Any CPU.Build.0 = Release|Any CPU
		{7827D626-9399-4FED-91E1-AFE3AF0EAB43}.Debug|Any CPU.ActiveCfg = Debug|Any CPU
		{7827D626-9399-4FED-91E1-AFE3AF0EAB43}.Debug|Any CPU.Build.0 = Debug|Any CPU
		{7827D626-9399-4FED-91E1-AFE3AF0EAB43}.Release|Any CPU.ActiveCfg = Release|Any CPU
		{7827D626-9399-4FED-91E1-AFE3AF0EAB43}.Release|Any CPU.Build.0 = Release|Any CPU
		{6E7B2B07-8EE8-4016-9396-E4A454642E94}.Debug|Any CPU.ActiveCfg = Debug|Any CPU
		{6E7B2B07-8EE8-4016-9396-E4A454642E94}.Debug|Any CPU.Build.0 = Debug|Any CPU
		{6E7B2B07-8EE8-4016-9396-E4A454642E94}.Release|Any CPU.ActiveCfg = Release|Any CPU
		{6E7B2B07-8EE8-4016-9396-E4A454642E94}.Release|Any CPU.Build.0 = Release|Any CPU
		{0BD006B6-3805-4A6C-BB97-244C81681A36}.Debug|Any CPU.ActiveCfg = Debug|Any CPU
		{0BD006B6-3805-4A6C-BB97-244C81681A36}.Debug|Any CPU.Build.0 = Debug|Any CPU
		{0BD006B6-3805-4A6C-BB97-244C81681A36}.Release|Any CPU.ActiveCfg = Release|Any CPU
		{0BD006B6-3805-4A6C-BB97-244C81681A36}.Release|Any CPU.Build.0 = Release|Any CPU
		{7D5B7134-DDCD-4253-8BF7-F2282E5E8BDD}.Debug|Any CPU.ActiveCfg = Debug|Any CPU
		{7D5B7134-DDCD-4253-8BF7-F2282E5E8BDD}.Debug|Any CPU.Build.0 = Debug|Any CPU
		{7D5B7134-DDCD-4253-8BF7-F2282E5E8BDD}.Release|Any CPU.ActiveCfg = Release|Any CPU
		{7D5B7134-DDCD-4253-8BF7-F2282E5E8BDD}.Release|Any CPU.Build.0 = Release|Any CPU
		{CB6070E8-F1D3-4A04-8D9C-A61AB72B893C}.Debug|Any CPU.ActiveCfg = Debug|Any CPU
		{CB6070E8-F1D3-4A04-8D9C-A61AB72B893C}.Debug|Any CPU.Build.0 = Debug|Any CPU
		{CB6070E8-F1D3-4A04-8D9C-A61AB72B893C}.Release|Any CPU.ActiveCfg = Release|Any CPU
		{CB6070E8-F1D3-4A04-8D9C-A61AB72B893C}.Release|Any CPU.Build.0 = Release|Any CPU
		{FD41B7DB-17D8-4121-A107-DBD46DA5CFD6}.Debug|Any CPU.ActiveCfg = Debug|Any CPU
		{FD41B7DB-17D8-4121-A107-DBD46DA5CFD6}.Debug|Any CPU.Build.0 = Debug|Any CPU
		{FD41B7DB-17D8-4121-A107-DBD46DA5CFD6}.Release|Any CPU.ActiveCfg = Release|Any CPU
		{FD41B7DB-17D8-4121-A107-DBD46DA5CFD6}.Release|Any CPU.Build.0 = Release|Any CPU
		{88F122DE-E82C-4D76-AA90-B8BF86CE19D5}.Debug|Any CPU.ActiveCfg = Debug|Any CPU
		{88F122DE-E82C-4D76-AA90-B8BF86CE19D5}.Debug|Any CPU.Build.0 = Debug|Any CPU
		{88F122DE-E82C-4D76-AA90-B8BF86CE19D5}.Release|Any CPU.ActiveCfg = Release|Any CPU
		{88F122DE-E82C-4D76-AA90-B8BF86CE19D5}.Release|Any CPU.Build.0 = Release|Any CPU
		{D8C40BEA-98F5-4047-9D1A-6D95FA1617A1}.Debug|Any CPU.ActiveCfg = Debug|Any CPU
		{D8C40BEA-98F5-4047-9D1A-6D95FA1617A1}.Debug|Any CPU.Build.0 = Debug|Any CPU
		{D8C40BEA-98F5-4047-9D1A-6D95FA1617A1}.Release|Any CPU.ActiveCfg = Release|Any CPU
		{D8C40BEA-98F5-4047-9D1A-6D95FA1617A1}.Release|Any CPU.Build.0 = Release|Any CPU
		{6C680946-1B34-4B69-9C0D-84845B552994}.Debug|Any CPU.ActiveCfg = Debug|Any CPU
		{6C680946-1B34-4B69-9C0D-84845B552994}.Debug|Any CPU.Build.0 = Debug|Any CPU
		{6C680946-1B34-4B69-9C0D-84845B552994}.Release|Any CPU.ActiveCfg = Release|Any CPU
		{6C680946-1B34-4B69-9C0D-84845B552994}.Release|Any CPU.Build.0 = Release|Any CPU
		{21F9275C-307F-4BED-A05B-7007FE2744BF}.Debug|Any CPU.ActiveCfg = Debug|Any CPU
		{21F9275C-307F-4BED-A05B-7007FE2744BF}.Debug|Any CPU.Build.0 = Debug|Any CPU
		{21F9275C-307F-4BED-A05B-7007FE2744BF}.Release|Any CPU.ActiveCfg = Release|Any CPU
		{21F9275C-307F-4BED-A05B-7007FE2744BF}.Release|Any CPU.Build.0 = Release|Any CPU
		{43E09053-7616-40FA-9FE0-41C4B3E8067B}.Debug|Any CPU.ActiveCfg = Debug|Any CPU
		{43E09053-7616-40FA-9FE0-41C4B3E8067B}.Debug|Any CPU.Build.0 = Debug|Any CPU
		{43E09053-7616-40FA-9FE0-41C4B3E8067B}.Release|Any CPU.ActiveCfg = Release|Any CPU
		{43E09053-7616-40FA-9FE0-41C4B3E8067B}.Release|Any CPU.Build.0 = Release|Any CPU
		{3B84816B-6B7A-4808-9996-A2314DBF0BB0}.Debug|Any CPU.ActiveCfg = Debug|Any CPU
		{3B84816B-6B7A-4808-9996-A2314DBF0BB0}.Debug|Any CPU.Build.0 = Debug|Any CPU
		{3B84816B-6B7A-4808-9996-A2314DBF0BB0}.Release|Any CPU.ActiveCfg = Release|Any CPU
		{3B84816B-6B7A-4808-9996-A2314DBF0BB0}.Release|Any CPU.Build.0 = Release|Any CPU
		{45369DD3-8E0C-4891-9DAE-FA6DD6443849}.Debug|Any CPU.ActiveCfg = Debug|Any CPU
		{45369DD3-8E0C-4891-9DAE-FA6DD6443849}.Debug|Any CPU.Build.0 = Debug|Any CPU
		{45369DD3-8E0C-4891-9DAE-FA6DD6443849}.Release|Any CPU.ActiveCfg = Release|Any CPU
		{45369DD3-8E0C-4891-9DAE-FA6DD6443849}.Release|Any CPU.Build.0 = Release|Any CPU
		{28AEB88B-3D91-44DD-936D-01E7D5A956BF}.Debug|Any CPU.ActiveCfg = Debug|Any CPU
		{28AEB88B-3D91-44DD-936D-01E7D5A956BF}.Debug|Any CPU.Build.0 = Debug|Any CPU
		{28AEB88B-3D91-44DD-936D-01E7D5A956BF}.Release|Any CPU.ActiveCfg = Release|Any CPU
		{28AEB88B-3D91-44DD-936D-01E7D5A956BF}.Release|Any CPU.Build.0 = Release|Any CPU
		{A20CCFF0-209F-40C7-991D-D3827A13333D}.Debug|Any CPU.ActiveCfg = Debug|Any CPU
		{A20CCFF0-209F-40C7-991D-D3827A13333D}.Debug|Any CPU.Build.0 = Debug|Any CPU
		{A20CCFF0-209F-40C7-991D-D3827A13333D}.Release|Any CPU.ActiveCfg = Release|Any CPU
		{A20CCFF0-209F-40C7-991D-D3827A13333D}.Release|Any CPU.Build.0 = Release|Any CPU
		{1F1AA76E-EA6D-40E9-B070-4B379A4E4A0A}.Debug|Any CPU.ActiveCfg = Debug|Any CPU
		{1F1AA76E-EA6D-40E9-B070-4B379A4E4A0A}.Debug|Any CPU.Build.0 = Debug|Any CPU
		{1F1AA76E-EA6D-40E9-B070-4B379A4E4A0A}.Release|Any CPU.ActiveCfg = Release|Any CPU
		{1F1AA76E-EA6D-40E9-B070-4B379A4E4A0A}.Release|Any CPU.Build.0 = Release|Any CPU
		{7404672A-6FF7-4C0A-8B51-7D88D90C33D9}.Debug|Any CPU.ActiveCfg = Debug|Any CPU
		{7404672A-6FF7-4C0A-8B51-7D88D90C33D9}.Debug|Any CPU.Build.0 = Debug|Any CPU
		{7404672A-6FF7-4C0A-8B51-7D88D90C33D9}.Release|Any CPU.ActiveCfg = Release|Any CPU
		{7404672A-6FF7-4C0A-8B51-7D88D90C33D9}.Release|Any CPU.Build.0 = Release|Any CPU
		{CB950E5E-BBDF-4E7D-AA92-2A843CD285F5}.Debug|Any CPU.ActiveCfg = Debug|Any CPU
		{CB950E5E-BBDF-4E7D-AA92-2A843CD285F5}.Debug|Any CPU.Build.0 = Debug|Any CPU
		{CB950E5E-BBDF-4E7D-AA92-2A843CD285F5}.Release|Any CPU.ActiveCfg = Release|Any CPU
		{CB950E5E-BBDF-4E7D-AA92-2A843CD285F5}.Release|Any CPU.Build.0 = Release|Any CPU
		{E4C55680-2FEC-4C5C-AE13-1379A37B3336}.Debug|Any CPU.ActiveCfg = Debug|Any CPU
		{E4C55680-2FEC-4C5C-AE13-1379A37B3336}.Debug|Any CPU.Build.0 = Debug|Any CPU
		{E4C55680-2FEC-4C5C-AE13-1379A37B3336}.Release|Any CPU.ActiveCfg = Release|Any CPU
		{E4C55680-2FEC-4C5C-AE13-1379A37B3336}.Release|Any CPU.Build.0 = Release|Any CPU
		{966096EA-4B44-4083-840C-E974A160D348}.Debug|Any CPU.ActiveCfg = Debug|Any CPU
		{966096EA-4B44-4083-840C-E974A160D348}.Debug|Any CPU.Build.0 = Debug|Any CPU
		{966096EA-4B44-4083-840C-E974A160D348}.Release|Any CPU.ActiveCfg = Release|Any CPU
		{966096EA-4B44-4083-840C-E974A160D348}.Release|Any CPU.Build.0 = Release|Any CPU
		{4A4DF0FE-BCF2-41A8-B6A9-2160AA7CA309}.Debug|Any CPU.ActiveCfg = Debug|Any CPU
		{4A4DF0FE-BCF2-41A8-B6A9-2160AA7CA309}.Debug|Any CPU.Build.0 = Debug|Any CPU
		{4A4DF0FE-BCF2-41A8-B6A9-2160AA7CA309}.Release|Any CPU.ActiveCfg = Release|Any CPU
		{4A4DF0FE-BCF2-41A8-B6A9-2160AA7CA309}.Release|Any CPU.Build.0 = Release|Any CPU
		{FE99E91B-1209-4ABB-9DB3-EF92A2FBCCA6}.Debug|Any CPU.ActiveCfg = Debug|Any CPU
		{FE99E91B-1209-4ABB-9DB3-EF92A2FBCCA6}.Debug|Any CPU.Build.0 = Debug|Any CPU
		{FE99E91B-1209-4ABB-9DB3-EF92A2FBCCA6}.Release|Any CPU.ActiveCfg = Release|Any CPU
		{FE99E91B-1209-4ABB-9DB3-EF92A2FBCCA6}.Release|Any CPU.Build.0 = Release|Any CPU
		{4B2703EE-E88F-47DE-802B-C7452B2034A8}.Debug|Any CPU.ActiveCfg = Debug|Any CPU
		{4B2703EE-E88F-47DE-802B-C7452B2034A8}.Debug|Any CPU.Build.0 = Debug|Any CPU
		{4B2703EE-E88F-47DE-802B-C7452B2034A8}.Release|Any CPU.ActiveCfg = Release|Any CPU
		{4B2703EE-E88F-47DE-802B-C7452B2034A8}.Release|Any CPU.Build.0 = Release|Any CPU
		{E301B0D3-8C03-41B6-89C4-6F9F6ABE6914}.Debug|Any CPU.ActiveCfg = Debug|Any CPU
		{E301B0D3-8C03-41B6-89C4-6F9F6ABE6914}.Debug|Any CPU.Build.0 = Debug|Any CPU
		{E301B0D3-8C03-41B6-89C4-6F9F6ABE6914}.Release|Any CPU.ActiveCfg = Release|Any CPU
		{E301B0D3-8C03-41B6-89C4-6F9F6ABE6914}.Release|Any CPU.Build.0 = Release|Any CPU
		{2E44C7D5-9234-4E55-8354-A964678B4BE7}.Debug|Any CPU.ActiveCfg = Debug|Any CPU
		{2E44C7D5-9234-4E55-8354-A964678B4BE7}.Debug|Any CPU.Build.0 = Debug|Any CPU
		{2E44C7D5-9234-4E55-8354-A964678B4BE7}.Release|Any CPU.ActiveCfg = Release|Any CPU
		{2E44C7D5-9234-4E55-8354-A964678B4BE7}.Release|Any CPU.Build.0 = Release|Any CPU
		{9A2E1674-8F65-4F1F-9197-372969596A9E}.Debug|Any CPU.ActiveCfg = Debug|Any CPU
		{9A2E1674-8F65-4F1F-9197-372969596A9E}.Debug|Any CPU.Build.0 = Debug|Any CPU
		{9A2E1674-8F65-4F1F-9197-372969596A9E}.Release|Any CPU.ActiveCfg = Release|Any CPU
		{9A2E1674-8F65-4F1F-9197-372969596A9E}.Release|Any CPU.Build.0 = Release|Any CPU
		{AB7729C4-4C5B-4806-8E02-BB1A781F4269}.Debug|Any CPU.ActiveCfg = Debug|Any CPU
		{AB7729C4-4C5B-4806-8E02-BB1A781F4269}.Debug|Any CPU.Build.0 = Debug|Any CPU
		{AB7729C4-4C5B-4806-8E02-BB1A781F4269}.Release|Any CPU.ActiveCfg = Release|Any CPU
		{AB7729C4-4C5B-4806-8E02-BB1A781F4269}.Release|Any CPU.Build.0 = Release|Any CPU
		{C4616B7A-D60C-4097-A58E-8FA870362EF9}.Debug|Any CPU.ActiveCfg = Debug|Any CPU
		{C4616B7A-D60C-4097-A58E-8FA870362EF9}.Debug|Any CPU.Build.0 = Debug|Any CPU
		{C4616B7A-D60C-4097-A58E-8FA870362EF9}.Release|Any CPU.ActiveCfg = Release|Any CPU
		{C4616B7A-D60C-4097-A58E-8FA870362EF9}.Release|Any CPU.Build.0 = Release|Any CPU
		{D7CF672E-E5EE-4DCD-9311-CCEB6941B878}.Debug|Any CPU.ActiveCfg = Debug|Any CPU
		{D7CF672E-E5EE-4DCD-9311-CCEB6941B878}.Debug|Any CPU.Build.0 = Debug|Any CPU
		{D7CF672E-E5EE-4DCD-9311-CCEB6941B878}.Release|Any CPU.ActiveCfg = Release|Any CPU
		{D7CF672E-E5EE-4DCD-9311-CCEB6941B878}.Release|Any CPU.Build.0 = Release|Any CPU
		{AB321597-62A7-4706-9DA4-C51C964CFC50}.Debug|Any CPU.ActiveCfg = Debug|Any CPU
		{AB321597-62A7-4706-9DA4-C51C964CFC50}.Debug|Any CPU.Build.0 = Debug|Any CPU
		{AB321597-62A7-4706-9DA4-C51C964CFC50}.Release|Any CPU.ActiveCfg = Release|Any CPU
		{AB321597-62A7-4706-9DA4-C51C964CFC50}.Release|Any CPU.Build.0 = Release|Any CPU
		{1907888B-C600-4A28-BEAE-1904BBB0AFCA}.Debug|Any CPU.ActiveCfg = Debug|Any CPU
		{1907888B-C600-4A28-BEAE-1904BBB0AFCA}.Debug|Any CPU.Build.0 = Debug|Any CPU
		{1907888B-C600-4A28-BEAE-1904BBB0AFCA}.Release|Any CPU.ActiveCfg = Release|Any CPU
		{1907888B-C600-4A28-BEAE-1904BBB0AFCA}.Release|Any CPU.Build.0 = Release|Any CPU
		{0FFFD912-BEB3-4B22-A2F3-06E5EEF1F660}.Debug|Any CPU.ActiveCfg = Debug|Any CPU
		{0FFFD912-BEB3-4B22-A2F3-06E5EEF1F660}.Debug|Any CPU.Build.0 = Debug|Any CPU
		{0FFFD912-BEB3-4B22-A2F3-06E5EEF1F660}.Release|Any CPU.ActiveCfg = Release|Any CPU
		{0FFFD912-BEB3-4B22-A2F3-06E5EEF1F660}.Release|Any CPU.Build.0 = Release|Any CPU
		{1970DC3C-CE0C-4DC0-9459-48C325CAFCCA}.Debug|Any CPU.ActiveCfg = Debug|Any CPU
		{1970DC3C-CE0C-4DC0-9459-48C325CAFCCA}.Debug|Any CPU.Build.0 = Debug|Any CPU
		{1970DC3C-CE0C-4DC0-9459-48C325CAFCCA}.Release|Any CPU.ActiveCfg = Release|Any CPU
		{1970DC3C-CE0C-4DC0-9459-48C325CAFCCA}.Release|Any CPU.Build.0 = Release|Any CPU
		{845D970C-7BF7-49A5-97A1-C047C6C0AF6C}.Debug|Any CPU.ActiveCfg = Debug|Any CPU
		{845D970C-7BF7-49A5-97A1-C047C6C0AF6C}.Debug|Any CPU.Build.0 = Debug|Any CPU
		{845D970C-7BF7-49A5-97A1-C047C6C0AF6C}.Release|Any CPU.ActiveCfg = Release|Any CPU
		{845D970C-7BF7-49A5-97A1-C047C6C0AF6C}.Release|Any CPU.Build.0 = Release|Any CPU
		{6CFF2515-72E0-4014-8EFE-5D5434406D23}.Debug|Any CPU.ActiveCfg = Debug|Any CPU
		{6CFF2515-72E0-4014-8EFE-5D5434406D23}.Debug|Any CPU.Build.0 = Debug|Any CPU
		{6CFF2515-72E0-4014-8EFE-5D5434406D23}.Release|Any CPU.ActiveCfg = Release|Any CPU
		{6CFF2515-72E0-4014-8EFE-5D5434406D23}.Release|Any CPU.Build.0 = Release|Any CPU
		{AB292570-3D6C-41A8-BEF8-3E97E9962984}.Debug|Any CPU.ActiveCfg = Debug|Any CPU
		{AB292570-3D6C-41A8-BEF8-3E97E9962984}.Debug|Any CPU.Build.0 = Debug|Any CPU
		{AB292570-3D6C-41A8-BEF8-3E97E9962984}.Release|Any CPU.ActiveCfg = Release|Any CPU
		{AB292570-3D6C-41A8-BEF8-3E97E9962984}.Release|Any CPU.Build.0 = Release|Any CPU
		{DF85734B-6051-4718-ADC3-B6D0790F3315}.Debug|Any CPU.ActiveCfg = Debug|Any CPU
		{DF85734B-6051-4718-ADC3-B6D0790F3315}.Debug|Any CPU.Build.0 = Debug|Any CPU
		{DF85734B-6051-4718-ADC3-B6D0790F3315}.Release|Any CPU.ActiveCfg = Release|Any CPU
		{DF85734B-6051-4718-ADC3-B6D0790F3315}.Release|Any CPU.Build.0 = Release|Any CPU
		{53B24D7D-2E95-445F-9B00-5C6D506F8C78}.Debug|Any CPU.ActiveCfg = Debug|Any CPU
		{53B24D7D-2E95-445F-9B00-5C6D506F8C78}.Debug|Any CPU.Build.0 = Debug|Any CPU
		{53B24D7D-2E95-445F-9B00-5C6D506F8C78}.Release|Any CPU.ActiveCfg = Release|Any CPU
		{53B24D7D-2E95-445F-9B00-5C6D506F8C78}.Release|Any CPU.Build.0 = Release|Any CPU
		{3BC4BE86-2310-4A17-BB46-6F39B3A0C5DF}.Debug|Any CPU.ActiveCfg = Debug|Any CPU
		{3BC4BE86-2310-4A17-BB46-6F39B3A0C5DF}.Debug|Any CPU.Build.0 = Debug|Any CPU
		{3BC4BE86-2310-4A17-BB46-6F39B3A0C5DF}.Release|Any CPU.ActiveCfg = Release|Any CPU
		{3BC4BE86-2310-4A17-BB46-6F39B3A0C5DF}.Release|Any CPU.Build.0 = Release|Any CPU
		{FA44CE38-A9D7-48AA-ACC5-D23C2179F7F4}.Debug|Any CPU.ActiveCfg = Debug|Any CPU
		{FA44CE38-A9D7-48AA-ACC5-D23C2179F7F4}.Debug|Any CPU.Build.0 = Debug|Any CPU
		{FA44CE38-A9D7-48AA-ACC5-D23C2179F7F4}.Release|Any CPU.ActiveCfg = Release|Any CPU
		{FA44CE38-A9D7-48AA-ACC5-D23C2179F7F4}.Release|Any CPU.Build.0 = Release|Any CPU
		{899C6E17-8013-4E14-AB10-50BFA9EB5514}.Debug|Any CPU.ActiveCfg = Debug|Any CPU
		{899C6E17-8013-4E14-AB10-50BFA9EB5514}.Debug|Any CPU.Build.0 = Debug|Any CPU
		{899C6E17-8013-4E14-AB10-50BFA9EB5514}.Release|Any CPU.ActiveCfg = Release|Any CPU
		{899C6E17-8013-4E14-AB10-50BFA9EB5514}.Release|Any CPU.Build.0 = Release|Any CPU
		{E865DCAF-775D-49C4-BFA9-3921335D8520}.Debug|Any CPU.ActiveCfg = Debug|Any CPU
		{E865DCAF-775D-49C4-BFA9-3921335D8520}.Debug|Any CPU.Build.0 = Debug|Any CPU
		{E865DCAF-775D-49C4-BFA9-3921335D8520}.Release|Any CPU.ActiveCfg = Release|Any CPU
		{E865DCAF-775D-49C4-BFA9-3921335D8520}.Release|Any CPU.Build.0 = Release|Any CPU
		{035F8E72-2569-4124-BC51-30887C50FD3C}.Debug|Any CPU.ActiveCfg = Debug|Any CPU
		{035F8E72-2569-4124-BC51-30887C50FD3C}.Debug|Any CPU.Build.0 = Debug|Any CPU
		{035F8E72-2569-4124-BC51-30887C50FD3C}.Release|Any CPU.ActiveCfg = Release|Any CPU
		{035F8E72-2569-4124-BC51-30887C50FD3C}.Release|Any CPU.Build.0 = Release|Any CPU
		{40ACA18C-BD9C-44C2-8E7E-5E518D58040F}.Debug|Any CPU.ActiveCfg = Debug|Any CPU
		{40ACA18C-BD9C-44C2-8E7E-5E518D58040F}.Debug|Any CPU.Build.0 = Debug|Any CPU
		{40ACA18C-BD9C-44C2-8E7E-5E518D58040F}.Release|Any CPU.ActiveCfg = Release|Any CPU
		{40ACA18C-BD9C-44C2-8E7E-5E518D58040F}.Release|Any CPU.Build.0 = Release|Any CPU
		{5E6A1A78-B16B-4F97-B930-8F4C35300E83}.Debug|Any CPU.ActiveCfg = Debug|Any CPU
		{5E6A1A78-B16B-4F97-B930-8F4C35300E83}.Debug|Any CPU.Build.0 = Debug|Any CPU
		{5E6A1A78-B16B-4F97-B930-8F4C35300E83}.Release|Any CPU.ActiveCfg = Release|Any CPU
		{5E6A1A78-B16B-4F97-B930-8F4C35300E83}.Release|Any CPU.Build.0 = Release|Any CPU
		{78723C54-4CF0-4C13-A0FD-4BF4132A780C}.Debug|Any CPU.ActiveCfg = Debug|Any CPU
		{78723C54-4CF0-4C13-A0FD-4BF4132A780C}.Debug|Any CPU.Build.0 = Debug|Any CPU
		{78723C54-4CF0-4C13-A0FD-4BF4132A780C}.Release|Any CPU.ActiveCfg = Release|Any CPU
		{78723C54-4CF0-4C13-A0FD-4BF4132A780C}.Release|Any CPU.Build.0 = Release|Any CPU
		{B5911333-5320-486A-B883-2C6B58B2C228}.Debug|Any CPU.ActiveCfg = Debug|Any CPU
		{B5911333-5320-486A-B883-2C6B58B2C228}.Debug|Any CPU.Build.0 = Debug|Any CPU
		{B5911333-5320-486A-B883-2C6B58B2C228}.Release|Any CPU.ActiveCfg = Release|Any CPU
		{B5911333-5320-486A-B883-2C6B58B2C228}.Release|Any CPU.Build.0 = Release|Any CPU
		{F5FA2CBE-8A22-435A-A9CC-EFDF326AE4E2}.Debug|Any CPU.ActiveCfg = Debug|Any CPU
		{F5FA2CBE-8A22-435A-A9CC-EFDF326AE4E2}.Debug|Any CPU.Build.0 = Debug|Any CPU
		{F5FA2CBE-8A22-435A-A9CC-EFDF326AE4E2}.Release|Any CPU.ActiveCfg = Release|Any CPU
		{F5FA2CBE-8A22-435A-A9CC-EFDF326AE4E2}.Release|Any CPU.Build.0 = Release|Any CPU
		{89F3DA79-32F0-4C47-8735-62ECEB8EDFA0}.Debug|Any CPU.ActiveCfg = Debug|Any CPU
		{89F3DA79-32F0-4C47-8735-62ECEB8EDFA0}.Debug|Any CPU.Build.0 = Debug|Any CPU
		{89F3DA79-32F0-4C47-8735-62ECEB8EDFA0}.Release|Any CPU.ActiveCfg = Release|Any CPU
		{89F3DA79-32F0-4C47-8735-62ECEB8EDFA0}.Release|Any CPU.Build.0 = Release|Any CPU
	EndGlobalSection
EndGlobal
